// !$*UTF8*$!
{
	archiveVersion = 1;
	classes = {
	};
	objectVersion = 46;
	objects = {

/* Begin PBXBuildFile section */
		EE5DF1D31DC8A8CA007DCAC2 /* AppDelegate.swift in Sources */ = {isa = PBXBuildFile; fileRef = EE5DF1D21DC8A8CA007DCAC2 /* AppDelegate.swift */; };
		EE5DF1D51DC8A8CA007DCAC2 /* ViewController.swift in Sources */ = {isa = PBXBuildFile; fileRef = EE5DF1D41DC8A8CA007DCAC2 /* ViewController.swift */; };
		EE5DF1D81DC8A8CA007DCAC2 /* Main.storyboard in Resources */ = {isa = PBXBuildFile; fileRef = EE5DF1D61DC8A8CA007DCAC2 /* Main.storyboard */; };
		EE5DF1DA1DC8A8CA007DCAC2 /* Assets.xcassets in Resources */ = {isa = PBXBuildFile; fileRef = EE5DF1D91DC8A8CA007DCAC2 /* Assets.xcassets */; };
		EE5DF1DD1DC8A8CA007DCAC2 /* LaunchScreen.storyboard in Resources */ = {isa = PBXBuildFile; fileRef = EE5DF1DB1DC8A8CA007DCAC2 /* LaunchScreen.storyboard */; };
/* End PBXBuildFile section */

/* Begin PBXFileReference section */
		EE5DF1CF1DC8A8CA007DCAC2 /* fienlute.pset1.app */ = {isa = PBXFileReference; explicitFileType = wrapper.application; includeInIndex = 0; path = fienlute.pset1.app; sourceTree = BUILT_PRODUCTS_DIR; };
		EE5DF1D21DC8A8CA007DCAC2 /* AppDelegate.swift */ = {isa = PBXFileReference; lastKnownFileType = sourcecode.swift; path = AppDelegate.swift; sourceTree = "<group>"; };
		EE5DF1D41DC8A8CA007DCAC2 /* ViewController.swift */ = {isa = PBXFileReference; lastKnownFileType = sourcecode.swift; path = ViewController.swift; sourceTree = "<group>"; };
		EE5DF1D71DC8A8CA007DCAC2 /* Base */ = {isa = PBXFileReference; lastKnownFileType = file.storyboard; name = Base; path = Base.lproj/Main.storyboard; sourceTree = "<group>"; };
		EE5DF1D91DC8A8CA007DCAC2 /* Assets.xcassets */ = {isa = PBXFileReference; lastKnownFileType = folder.assetcatalog; path = Assets.xcassets; sourceTree = "<group>"; };
		EE5DF1DC1DC8A8CA007DCAC2 /* Base */ = {isa = PBXFileReference; lastKnownFileType = file.storyboard; name = Base; path = Base.lproj/LaunchScreen.storyboard; sourceTree = "<group>"; };
		EE5DF1DE1DC8A8CA007DCAC2 /* Info.plist */ = {isa = PBXFileReference; lastKnownFileType = text.plist.xml; path = Info.plist; sourceTree = "<group>"; };
/* End PBXFileReference section */

/* Begin PBXFrameworksBuildPhase section */
		EE5DF1CC1DC8A8CA007DCAC2 /* Frameworks */ = {
			isa = PBXFrameworksBuildPhase;
			buildActionMask = 2147483647;
			files = (
			);
			runOnlyForDeploymentPostprocessing = 0;
		};
/* End PBXFrameworksBuildPhase section */

/* Begin PBXGroup section */
		EE5DF1C61DC8A8CA007DCAC2 = {
			isa = PBXGroup;
			children = (
				EE5DF1D11DC8A8CA007DCAC2 /* app 1 */,
				EE5DF1D01DC8A8CA007DCAC2 /* Products */,
			);
			sourceTree = "<group>";
		};
		EE5DF1D01DC8A8CA007DCAC2 /* Products */ = {
			isa = PBXGroup;
			children = (
				EE5DF1CF1DC8A8CA007DCAC2 /* fienlute.pset1.app */,
			);
			name = Products;
			sourceTree = "<group>";
		};
		EE5DF1D11DC8A8CA007DCAC2 /* app 1 */ = {
			isa = PBXGroup;
			children = (
				EE5DF1D21DC8A8CA007DCAC2 /* AppDelegate.swift */,
				EE5DF1D41DC8A8CA007DCAC2 /* ViewController.swift */,
				EE5DF1D61DC8A8CA007DCAC2 /* Main.storyboard */,
				EE5DF1D91DC8A8CA007DCAC2 /* Assets.xcassets */,
				EE5DF1DB1DC8A8CA007DCAC2 /* LaunchScreen.storyboard */,
				EE5DF1DE1DC8A8CA007DCAC2 /* Info.plist */,
			);
			name = "app 1";
			path = oefening;
			sourceTree = "<group>";
		};
/* End PBXGroup section */

/* Begin PBXNativeTarget section */
		EE5DF1CE1DC8A8CA007DCAC2 /* fienlute.pset1 */ = {
			isa = PBXNativeTarget;
			buildConfigurationList = EE5DF1E11DC8A8CA007DCAC2 /* Build configuration list for PBXNativeTarget "fienlute.pset1" */;
			buildPhases = (
				EE5DF1CB1DC8A8CA007DCAC2 /* Sources */,
				EE5DF1CC1DC8A8CA007DCAC2 /* Frameworks */,
				EE5DF1CD1DC8A8CA007DCAC2 /* Resources */,
			);
			buildRules = (
			);
			dependencies = (
			);
			name = fienlute.pset1;
			productName = oefening;
			productReference = EE5DF1CF1DC8A8CA007DCAC2 /* fienlute.pset1.app */;
			productType = "com.apple.product-type.application";
		};
/* End PBXNativeTarget section */

/* Begin PBXProject section */
		EE5DF1C71DC8A8CA007DCAC2 /* Project object */ = {
			isa = PBXProject;
			attributes = {
				LastSwiftUpdateCheck = 0810;
				LastUpgradeCheck = 0810;
				ORGANIZATIONNAME = "Fien Lute";
				TargetAttributes = {
					EE5DF1CE1DC8A8CA007DCAC2 = {
						CreatedOnToolsVersion = 8.1;
						ProvisioningStyle = Manual;
					};
				};
			};
			buildConfigurationList = EE5DF1CA1DC8A8CA007DCAC2 /* Build configuration list for PBXProject "fienlute.pset1" */;
			compatibilityVersion = "Xcode 3.2";
			developmentRegion = English;
			hasScannedForEncodings = 0;
			knownRegions = (
				en,
				Base,
			);
			mainGroup = EE5DF1C61DC8A8CA007DCAC2;
			productRefGroup = EE5DF1D01DC8A8CA007DCAC2 /* Products */;
			projectDirPath = "";
			projectRoot = "";
			targets = (
				EE5DF1CE1DC8A8CA007DCAC2 /* fienlute.pset1 */,
			);
		};
/* End PBXProject section */

/* Begin PBXResourcesBuildPhase section */
		EE5DF1CD1DC8A8CA007DCAC2 /* Resources */ = {
			isa = PBXResourcesBuildPhase;
			buildActionMask = 2147483647;
			files = (
				EE5DF1DD1DC8A8CA007DCAC2 /* LaunchScreen.storyboard in Resources */,
				EE5DF1DA1DC8A8CA007DCAC2 /* Assets.xcassets in Resources */,
				EE5DF1D81DC8A8CA007DCAC2 /* Main.storyboard in Resources */,
			);
			runOnlyForDeploymentPostprocessing = 0;
		};
/* End PBXResourcesBuildPhase section */

/* Begin PBXSourcesBuildPhase section */
		EE5DF1CB1DC8A8CA007DCAC2 /* Sources */ = {
			isa = PBXSourcesBuildPhase;
			buildActionMask = 2147483647;
			files = (
				EE5DF1D51DC8A8CA007DCAC2 /* ViewController.swift in Sources */,
				EE5DF1D31DC8A8CA007DCAC2 /* AppDelegate.swift in Sources */,
			);
			runOnlyForDeploymentPostprocessing = 0;
		};
/* End PBXSourcesBuildPhase section */

/* Begin PBXVariantGroup section */
		EE5DF1D61DC8A8CA007DCAC2 /* Main.storyboard */ = {
			isa = PBXVariantGroup;
			children = (
				EE5DF1D71DC8A8CA007DCAC2 /* Base */,
			);
			name = Main.storyboard;
			sourceTree = "<group>";
		};
		EE5DF1DB1DC8A8CA007DCAC2 /* LaunchScreen.storyboard */ = {
			isa = PBXVariantGroup;
			children = (
				EE5DF1DC1DC8A8CA007DCAC2 /* Base */,
			);
			name = LaunchScreen.storyboard;
			sourceTree = "<group>";
		};
/* End PBXVariantGroup section */

/* Begin XCBuildConfiguration section */
		EE5DF1DF1DC8A8CA007DCAC2 /* Debug */ = {
			isa = XCBuildConfiguration;
			buildSettings = {
				ALWAYS_SEARCH_USER_PATHS = NO;
				CLANG_ANALYZER_NONNULL = YES;
				CLANG_CXX_LANGUAGE_STANDARD = "gnu++0x";
				CLANG_CXX_LIBRARY = "libc++";
				CLANG_ENABLE_MODULES = YES;
				CLANG_ENABLE_OBJC_ARC = YES;
				CLANG_WARN_BOOL_CONVERSION = YES;
				CLANG_WARN_CONSTANT_CONVERSION = YES;
				CLANG_WARN_DIRECT_OBJC_ISA_USAGE = YES_ERROR;
				CLANG_WARN_DOCUMENTATION_COMMENTS = YES;
				CLANG_WARN_EMPTY_BODY = YES;
				CLANG_WARN_ENUM_CONVERSION = YES;
				CLANG_WARN_INFINITE_RECURSION = YES;
				CLANG_WARN_INT_CONVERSION = YES;
				CLANG_WARN_OBJC_ROOT_CLASS = YES_ERROR;
				CLANG_WARN_SUSPICIOUS_MOVES = YES;
				CLANG_WARN_UNREACHABLE_CODE = YES;
				CLANG_WARN__DUPLICATE_METHOD_MATCH = YES;
				"CODE_SIGN_IDENTITY[sdk=iphoneos*]" = "iPhone Developer";
				COPY_PHASE_STRIP = NO;
				DEBUG_INFORMATION_FORMAT = dwarf;
				ENABLE_STRICT_OBJC_MSGSEND = YES;
				ENABLE_TESTABILITY = YES;
				GCC_C_LANGUAGE_STANDARD = gnu99;
				GCC_DYNAMIC_NO_PIC = NO;
				GCC_NO_COMMON_BLOCKS = YES;
				GCC_OPTIMIZATION_LEVEL = 0;
				GCC_PREPROCESSOR_DEFINITIONS = (
					"DEBUG=1",
					"$(inherited)",
				);
				GCC_WARN_64_TO_32_BIT_CONVERSION = YES;
				GCC_WARN_ABOUT_RETURN_TYPE = YES_ERROR;
				GCC_WARN_UNDECLARED_SELECTOR = YES;
				GCC_WARN_UNINITIALIZED_AUTOS = YES_AGGRESSIVE;
				GCC_WARN_UNUSED_FUNCTION = YES;
				GCC_WARN_UNUSED_VARIABLE = YES;
				IPHONEOS_DEPLOYMENT_TARGET = 10.1;
				MTL_ENABLE_DEBUG_INFO = YES;
				ONLY_ACTIVE_ARCH = YES;
				SDKROOT = iphoneos;
				SWIFT_ACTIVE_COMPILATION_CONDITIONS = DEBUG;
				SWIFT_OPTIMIZATION_LEVEL = "-Onone";
				TARGETED_DEVICE_FAMILY = "1,2";
			};
			name = Debug;
		};
		EE5DF1E01DC8A8CA007DCAC2 /* Release */ = {
			isa = XCBuildConfiguration;
			buildSettings = {
				ALWAYS_SEARCH_USER_PATHS = NO;
				CLANG_ANALYZER_NONNULL = YES;
				CLANG_CXX_LANGUAGE_STANDARD = "gnu++0x";
				CLANG_CXX_LIBRARY = "libc++";
				CLANG_ENABLE_MODULES = YES;
				CLANG_ENABLE_OBJC_ARC = YES;
				CLANG_WARN_BOOL_CONVERSION = YES;
				CLANG_WARN_CONSTANT_CONVERSION = YES;
				CLANG_WARN_DIRECT_OBJC_ISA_USAGE = YES_ERROR;
				CLANG_WARN_DOCUMENTATION_COMMENTS = YES;
				CLANG_WARN_EMPTY_BODY = YES;
				CLANG_WARN_ENUM_CONVERSION = YES;
				CLANG_WARN_INFINITE_RECURSION = YES;
				CLANG_WARN_INT_CONVERSION = YES;
				CLANG_WARN_OBJC_ROOT_CLASS = YES_ERROR;
				CLANG_WARN_SUSPICIOUS_MOVES = YES;
				CLANG_WARN_UNREACHABLE_CODE = YES;
				CLANG_WARN__DUPLICATE_METHOD_MATCH = YES;
				"CODE_SIGN_IDENTITY[sdk=iphoneos*]" = "iPhone Developer";
				COPY_PHASE_STRIP = NO;
				DEBUG_INFORMATION_FORMAT = "dwarf-with-dsym";
				ENABLE_NS_ASSERTIONS = NO;
				ENABLE_STRICT_OBJC_MSGSEND = YES;
				GCC_C_LANGUAGE_STANDARD = gnu99;
				GCC_NO_COMMON_BLOCKS = YES;
				GCC_WARN_64_TO_32_BIT_CONVERSION = YES;
				GCC_WARN_ABOUT_RETURN_TYPE = YES_ERROR;
				GCC_WARN_UNDECLARED_SELECTOR = YES;
				GCC_WARN_UNINITIALIZED_AUTOS = YES_AGGRESSIVE;
				GCC_WARN_UNUSED_FUNCTION = YES;
				GCC_WARN_UNUSED_VARIABLE = YES;
				IPHONEOS_DEPLOYMENT_TARGET = 10.1;
				MTL_ENABLE_DEBUG_INFO = NO;
				SDKROOT = iphoneos;
				SWIFT_OPTIMIZATION_LEVEL = "-Owholemodule";
				TARGETED_DEVICE_FAMILY = "1,2";
				VALIDATE_PRODUCT = YES;
			};
			name = Release;
		};
		EE5DF1E21DC8A8CA007DCAC2 /* Debug */ = {
			isa = XCBuildConfiguration;
			buildSettings = {
				ASSETCATALOG_COMPILER_APPICON_NAME = AppIcon;
				DEVELOPMENT_TEAM = "";
				INFOPLIST_FILE = oefening/Info.plist;
				LD_RUNPATH_SEARCH_PATHS = "$(inherited) @executable_path/Frameworks";
				PRODUCT_BUNDLE_IDENTIFIER = nl.mprog;
				PRODUCT_NAME = "$(TARGET_NAME)";
				SWIFT_VERSION = 3.0;
			};
			name = Debug;
		};
		EE5DF1E31DC8A8CA007DCAC2 /* Release */ = {
			isa = XCBuildConfiguration;
			buildSettings = {
				ASSETCATALOG_COMPILER_APPICON_NAME = AppIcon;
				DEVELOPMENT_TEAM = "";
				INFOPLIST_FILE = oefening/Info.plist;
				LD_RUNPATH_SEARCH_PATHS = "$(inherited) @executable_path/Frameworks";
				PRODUCT_BUNDLE_IDENTIFIER = nl.mprog;
				PRODUCT_NAME = "$(TARGET_NAME)";
				SWIFT_VERSION = 3.0;
			};
			name = Release;
		};
/* End XCBuildConfiguration section */

/* Begin XCConfigurationList section */
		EE5DF1CA1DC8A8CA007DCAC2 /* Build configuration list for PBXProject "fienlute.pset1" */ = {
			isa = XCConfigurationList;
			buildConfigurations = (
				EE5DF1DF1DC8A8CA007DCAC2 /* Debug */,
				EE5DF1E01DC8A8CA007DCAC2 /* Release */,
			);
			defaultConfigurationIsVisible = 0;
			defaultConfigurationName = Release;
		};
		EE5DF1E11DC8A8CA007DCAC2 /* Build configuration list for PBXNativeTarget "fienlute.pset1" */ = {
			isa = XCConfigurationList;
			buildConfigurations = (
				EE5DF1E21DC8A8CA007DCAC2 /* Debug */,
				EE5DF1E31DC8A8CA007DCAC2 /* Release */,
			);
			defaultConfigurationIsVisible = 0;
			defaultConfigurationName = Release;
		};
/* End XCConfigurationList section */
	};
	rootObject = EE5DF1C71DC8A8CA007DCAC2 /* Project object */;
}
